
Microsoft Visual Studio Solution File, Format Version 12.00
# Visual Studio Version 16
VisualStudioVersion = 16.0.31613.86
MinimumVisualStudioVersion = 10.0.40219.1
Project("{9A19103F-16F7-4668-BE54-9A1E7A4F7556}") = "NetCoreTour", "NetCoreTour.csproj", "{D0CA9850-D872-4350-AFE6-AC62B8B6ECF8}"
EndProject
Project("{2150E333-8FDC-42A3-9474-1A3956D46DE8}") = "Bookmark", "Bookmark", "{3060494E-9506-4901-9573-4E71B14546BA}"
EndProject
Global
	GlobalSection(SolutionConfigurationPlatforms) = preSolution
		Debug|Any CPU = Debug|Any CPU
		Release|Any CPU = Release|Any CPU
	EndGlobalSection
	GlobalSection(ProjectConfigurationPlatforms) = postSolution
		{D0CA9850-D872-4350-AFE6-AC62B8B6ECF8}.Debug|Any CPU.ActiveCfg = Debug|Any CPU
		{D0CA9850-D872-4350-AFE6-AC62B8B6ECF8}.Debug|Any CPU.Build.0 = Debug|Any CPU
		{D0CA9850-D872-4350-AFE6-AC62B8B6ECF8}.Release|Any CPU.ActiveCfg = Release|Any CPU
		{D0CA9850-D872-4350-AFE6-AC62B8B6ECF8}.Release|Any CPU.Build.0 = Release|Any CPU
	EndGlobalSection
	GlobalSection(SolutionProperties) = preSolution
		HideSolutionNode = FALSE
	EndGlobalSection
	GlobalSection(ExtensibilityGlobals) = postSolution
		SolutionGuid = {0016CE6B-F400-4A92-82C4-19311220EF0B}
	EndGlobalSection
EndGlobal
